<Solution>
  <Folder Name="/src/">
    <Project Path="src/CultMath/CultMath.csproj" />
  </Folder>
  <Folder Name="/tests/">
    <Project Path="tests/CultMath.Tests/CultMath.Tests.csproj" />
  </Folder>
  <Folder Name="/tools/">
    <Project Path="Tools~/CultMath.PlanetaryTileFixture/CultMath.PlanetaryTileFixture.csproj" />
  </Folder>
</Solution>
